
Microsoft Visual Studio Solution File, Format Version 12.00
# Visual Studio Version 17
VisualStudioVersion = 17.8.34309.116
MinimumVisualStudioVersion = 10.0.40219.1
Project("{FAE04EC0-301F-11D3-BF4B-00C04F79EFBC}") = "EmployeePayRoleMVC", "EmployeePayRoleMVC\EmployeePayRoleMVC.csproj", "{C8589D48-A3BB-45A2-826F-A6B13AEB3FFC}"
EndProject
Project("{FAE04EC0-301F-11D3-BF4B-00C04F79EFBC}") = "RepositoryLayer", "RepositoryLayer\RepositoryLayer.csproj", "{97EA5012-E1C5-43AB-83AB-C0C5AAD6B10A}"
EndProject
Project("{FAE04EC0-301F-11D3-BF4B-00C04F79EFBC}") = "BusinessLayer", "BusinessLayer\BusinessLayer.csproj", "{FC14519E-E8DD-4E4D-A217-D2F3A3B4CEE6}"
EndProject
Project("{FAE04EC0-301F-11D3-BF4B-00C04F79EFBC}") = "ModelLayer", "ModelLayer\ModelLayer.csproj", "{3210ACBC-C74B-49AE-8F22-49517829AAE4}"
EndProject
Global
	GlobalSection(SolutionConfigurationPlatforms) = preSolution
		Debug|Any CPU = Debug|Any CPU
		Release|Any CPU = Release|Any CPU
	EndGlobalSection
	GlobalSection(ProjectConfigurationPlatforms) = postSolution
		{C8589D48-A3BB-45A2-826F-A6B13AEB3FFC}.Debug|Any CPU.ActiveCfg = Debug|Any CPU
		{C8589D48-A3BB-45A2-826F-A6B13AEB3FFC}.Debug|Any CPU.Build.0 = Debug|Any CPU
		{C8589D48-A3BB-45A2-826F-A6B13AEB3FFC}.Release|Any CPU.ActiveCfg = Release|Any CPU
		{C8589D48-A3BB-45A2-826F-A6B13AEB3FFC}.Release|Any CPU.Build.0 = Release|Any CPU
		{97EA5012-E1C5-43AB-83AB-C0C5AAD6B10A}.Debug|Any CPU.ActiveCfg = Debug|Any CPU
		{97EA5012-E1C5-43AB-83AB-C0C5AAD6B10A}.Debug|Any CPU.Build.0 = Debug|Any CPU
		{97EA5012-E1C5-43AB-83AB-C0C5AAD6B10A}.Release|Any CPU.ActiveCfg = Release|Any CPU
		{97EA5012-E1C5-43AB-83AB-C0C5AAD6B10A}.Release|Any CPU.Build.0 = Release|Any CPU
		{FC14519E-E8DD-4E4D-A217-D2F3A3B4CEE6}.Debug|Any CPU.ActiveCfg = Debug|Any CPU
		{FC14519E-E8DD-4E4D-A217-D2F3A3B4CEE6}.Debug|Any CPU.Build.0 = Debug|Any CPU
		{FC14519E-E8DD-4E4D-A217-D2F3A3B4CEE6}.Release|Any CPU.ActiveCfg = Release|Any CPU
		{FC14519E-E8DD-4E4D-A217-D2F3A3B4CEE6}.Release|Any CPU.Build.0 = Release|Any CPU
		{3210ACBC-C74B-49AE-8F22-49517829AAE4}.Debug|Any CPU.ActiveCfg = Debug|Any CPU
		{3210ACBC-C74B-49AE-8F22-49517829AAE4}.Debug|Any CPU.Build.0 = Debug|Any CPU
		{3210ACBC-C74B-49AE-8F22-49517829AAE4}.Release|Any CPU.ActiveCfg = Release|Any CPU
		{3210ACBC-C74B-49AE-8F22-49517829AAE4}.Release|Any CPU.Build.0 = Release|Any CPU
	EndGlobalSection
	GlobalSection(SolutionProperties) = preSolution
		HideSolutionNode = FALSE
	EndGlobalSection
	GlobalSection(ExtensibilityGlobals) = postSolution
		SolutionGuid = {ACE6D857-7EAE-42F3-A67D-F41D4275CD5B}
	EndGlobalSection
EndGlobal
